
Microsoft Visual Studio Solution File, Format Version 11.00
# Visual Studio 2010
Project("{E097FAD1-6243-4DAD-9C02-E9B9EFC3FFC1}") = "Assembly-CSharp", "Assembly-CSharp.csproj", "{9AD424C3-6858-0C2E-0A76-6AC9E4FC4F5B}"
EndProject
Project("{E097FAD1-6243-4DAD-9C02-E9B9EFC3FFC1}") = "Assembly-CSharp-Editor-firstpass", "Assembly-CSharp-Editor-firstpass.csproj", "{3A583F28-30B2-E5C0-FB0D-2F74E35BD268}"
EndProject
Global
	GlobalSection(SolutionConfigurationPlatforms) = preSolution
		Debug|Any CPU = Debug|Any CPU
		Release|Any CPU = Release|Any CPU
	EndGlobalSection
	GlobalSection(ProjectConfigurationPlatforms) = postSolution
		{9AD424C3-6858-0C2E-0A76-6AC9E4FC4F5B}.Debug|Any CPU.ActiveCfg = Debug|Any CPU
		{9AD424C3-6858-0C2E-0A76-6AC9E4FC4F5B}.Debug|Any CPU.Build.0 = Debug|Any CPU
		{9AD424C3-6858-0C2E-0A76-6AC9E4FC4F5B}.Release|Any CPU.ActiveCfg = Release|Any CPU
		{9AD424C3-6858-0C2E-0A76-6AC9E4FC4F5B}.Release|Any CPU.Build.0 = Release|Any CPU
		{3A583F28-30B2-E5C0-FB0D-2F74E35BD268}.Debug|Any CPU.ActiveCfg = Debug|Any CPU
		{3A583F28-30B2-E5C0-FB0D-2F74E35BD268}.Debug|Any CPU.Build.0 = Debug|Any CPU
		{3A583F28-30B2-E5C0-FB0D-2F74E35BD268}.Release|Any CPU.ActiveCfg = Release|Any CPU
		{3A583F28-30B2-E5C0-FB0D-2F74E35BD268}.Release|Any CPU.Build.0 = Release|Any CPU
	EndGlobalSection
	GlobalSection(SolutionProperties) = preSolution
		HideSolutionNode = FALSE
	EndGlobalSection
	GlobalSection(MonoDevelopProperties) = preSolution
		StartupItem = Assembly-CSharp.csproj
	EndGlobalSection
EndGlobal
